<?xml version="1.0" encoding="utf-8"?>
<Project ToolsVersion="4.0" xmlns="http://schemas.microsoft.com/developer/msbuild/2003">
  <ItemGroup>
    <Filter Include="Archivos de origen">
      <UniqueIdentifier>{4FC737F1-C7A5-4376-A066-2A32D752A2FF}</UniqueIdentifier>
      <Extensions>cpp;c;cc;cxx;c++;cppm;ixx;def;odl;idl;hpj;bat;asm;asmx</Extensions>
    </Filter>
    <Filter Include="Archivos de encabezado">
      <UniqueIdentifier>{93995380-89BD-4b04-88EB-625FBE52EBFB}</UniqueIdentifier>
      <Extensions>h;hh;hpp;hxx;h++;hm;inl;inc;ipp;xsd</Extensions>
    </Filter>
    <Filter Include="Archivos de recursos">
      <UniqueIdentifier>{67DA6AB6-F800-4c08-8B7A-83BB121AAD01}</UniqueIdentifier>
      <Extensions>rc;ico;cur;bmp;dlg;rc2;rct;bin;rgs;gif;jpg;jpeg;jpe;resx;tiff;tif;png;wav;mfcribbon-ms</Extensions>
    </Filter>
    <Filter Include="Archivos de encabezado\RendererCore">
      <UniqueIdentifier>{7f385013-bbf5-4565-b1fc-e8f8b0d147ea}</UniqueIdentifier>
    </Filter>
    <Filter Include="Archivos de origen\RendererCore">
      <UniqueIdentifier>{2044d927-9425-4c71-8f7e-f18c21718332}</UniqueIdentifier>
    </Filter>
    <Filter Include="Archivos de encabezado\PrecompiledHeaders">
      <UniqueIdentifier>{0bb481a2-36bc-4e1b-9530-6d07d2c3d091}</UniqueIdentifier>
    </Filter>
    <Filter Include="Archivos de encabezado\Utilities">
      <UniqueIdentifier>{fc8e669b-5ab4-4b7d-8e3c-1e0d54590c58}</UniqueIdentifier>
    </Filter>
    <Filter Include="Archivos de recursos\Shaders">
      <UniqueIdentifier>{210247fc-b540-4aea-8582-6dc661b8dd2f}</UniqueIdentifier>
    </Filter>
    <Filter Include="Archivos de origen\Utilities">
      <UniqueIdentifier>{7b0306cc-9379-477c-84da-bd4eaf7e8aaf}</UniqueIdentifier>
    </Filter>
    <Filter Include="Archivos de encabezado\ImportedLibraries">
      <UniqueIdentifier>{fca933c7-e574-4567-8800-fc55b75db707}</UniqueIdentifier>
    </Filter>
    <Filter Include="Archivos de origen\ImportedLibraries">
      <UniqueIdentifier>{72384ffe-260c-42de-a84b-c233b6e7f431}</UniqueIdentifier>
    </Filter>
    <Filter Include="Archivos de encabezado\Interface">
      <UniqueIdentifier>{ce948893-5bc7-4daa-b5a5-dfa726b7da79}</UniqueIdentifier>
    </Filter>
    <Filter Include="Archivos de origen\Interface">
      <UniqueIdentifier>{465a8ab5-a86a-4b56-8dd2-e5be4a4324f8}</UniqueIdentifier>
    </Filter>
    <Filter Include="Archivos de encabezado\ImportedLibraries\Imgui">
      <UniqueIdentifier>{7744d4fa-65eb-4e78-b064-2da777d0912f}</UniqueIdentifier>
    </Filter>
    <Filter Include="Archivos de origen\ImportedLibraries\Imgui">
      <UniqueIdentifier>{a8d0b8e7-869d-4ba4-aadc-21627d6b4925}</UniqueIdentifier>
    </Filter>
    <Filter Include="Archivos de origen\ImportedLibraries\ImFileDialog">
      <UniqueIdentifier>{659a8521-b7c9-4a3e-b7f4-93b4f9525b6f}</UniqueIdentifier>
    </Filter>
    <Filter Include="Archivos de encabezado\ImportedLibraries\ImGuiFileDialog">
      <UniqueIdentifier>{a219792a-39c7-48ae-8d51-e6fd99cd83a7}</UniqueIdentifier>
    </Filter>
    <Filter Include="Archivos de origen\PrecompiledHeaders">
      <UniqueIdentifier>{3c22d459-498e-4916-989a-a37daf92cdda}</UniqueIdentifier>
    </Filter>
    <Filter Include="Archivos de encabezado\Interface\Fonts">
      <UniqueIdentifier>{8418c60d-fdfb-4550-876d-9cebd4f8ae24}</UniqueIdentifier>
    </Filter>
    <Filter Include="Archivos de origen\Interface\Fonts">
      <UniqueIdentifier>{74a26e21-f868-403c-b5e3-6d3242d5d151}</UniqueIdentifier>
    </Filter>
    <Filter Include="Archivos de encabezado\ProceduralUtils">
      <UniqueIdentifier>{cff1a787-8b3c-4de8-b9d3-5e703de7b7f9}</UniqueIdentifier>
    </Filter>
    <Filter Include="Archivos de origen\ProceduralUtils">
      <UniqueIdentifier>{9ad62183-d734-400d-883c-239fafd12e62}</UniqueIdentifier>
    </Filter>
    <Filter Include="Archivos de encabezado\GeometricUtils">
      <UniqueIdentifier>{c40290a2-5955-458b-b4ce-12deb78357ed}</UniqueIdentifier>
    </Filter>
    <Filter Include="Archivos de origen\GeometricUtils">
      <UniqueIdentifier>{2385a8cb-58a7-470e-b8da-efbc60a7f10d}</UniqueIdentifier>
    </Filter>
  </ItemGroup>
  <ItemGroup>
    <ClCompile Include="Source\RendererCore\ShaderProgram.cpp">
      <Filter>Archivos de origen\RendererCore</Filter>
    </ClCompile>
    <ClCompile Include="Source\RendererCore\Camara.cpp">
      <Filter>Archivos de origen\RendererCore</Filter>
    </ClCompile>
    <ClCompile Include="Source\RendererCore\PointCloud.cpp">
      <Filter>Archivos de origen\RendererCore</Filter>
    </ClCompile>
    <ClCompile Include="Source\RendererCore\Renderer.cpp">
      <Filter>Archivos de origen\RendererCore</Filter>
    </ClCompile>
    <ClCompile Include="Source\RendererCore\Shader.cpp">
      <Filter>Archivos de origen\RendererCore</Filter>
    </ClCompile>
    <ClCompile Include="Source\RendererCore\ShaderManager.cpp">
      <Filter>Archivos de origen\RendererCore</Filter>
    </ClCompile>
    <ClCompile Include="Source\main.cpp">
      <Filter>Archivos de origen</Filter>
    </ClCompile>
    <ClCompile Include="Source\Utilities\Image.cpp">
      <Filter>Archivos de origen\Utilities</Filter>
    </ClCompile>
    <ClCompile Include="Source\Utilities\PlyLoader.cpp">
      <Filter>Archivos de origen\Utilities</Filter>
    </ClCompile>
    <ClCompile Include="Libraries\lodepng\lodepng.cpp">
      <Filter>Archivos de origen\ImportedLibraries</Filter>
    </ClCompile>
    <ClCompile Include="Libraries\tinyply\tinyply.cpp">
      <Filter>Archivos de origen\ImportedLibraries</Filter>
    </ClCompile>
    <ClCompile Include="Source\Interface\GUI.cpp">
      <Filter>Archivos de origen\Interface</Filter>
    </ClCompile>
    <ClCompile Include="Libraries\imgui\backends\imgui_impl_opengl3.cpp">
      <Filter>Archivos de origen\ImportedLibraries\Imgui</Filter>
    </ClCompile>
    <ClCompile Include="Libraries\imgui\backends\imgui_impl_glfw.cpp">
      <Filter>Archivos de origen\ImportedLibraries\Imgui</Filter>
    </ClCompile>
    <ClCompile Include="Libraries\imgui\imgui.cpp">
      <Filter>Archivos de origen\ImportedLibraries\Imgui</Filter>
    </ClCompile>
    <ClCompile Include="Libraries\imgui\imgui_demo.cpp">
      <Filter>Archivos de origen\ImportedLibraries\Imgui</Filter>
    </ClCompile>
    <ClCompile Include="Libraries\imgui\imgui_draw.cpp">
      <Filter>Archivos de origen\ImportedLibraries\Imgui</Filter>
    </ClCompile>
    <ClCompile Include="Libraries\imgui\imgui_tables.cpp">
      <Filter>Archivos de origen\ImportedLibraries\Imgui</Filter>
    </ClCompile>
    <ClCompile Include="Libraries\imgui\imgui_widgets.cpp">
      <Filter>Archivos de origen\ImportedLibraries\Imgui</Filter>
    </ClCompile>
    <ClCompile Include="Libraries\imfiledialog\ImGuiFileDialog.cpp">
      <Filter>Archivos de origen\ImportedLibraries\ImFileDialog</Filter>
    </ClCompile>
    <ClCompile Include="Source\PrecompiledHeaders\stdafx.cpp">
      <Filter>Archivos de origen\PrecompiledHeaders</Filter>
    </ClCompile>
    <ClCompile Include="Source\Interface\Fonts\lato.cpp">
      <Filter>Archivos de origen\Interface\Fonts</Filter>
    </ClCompile>
    <ClCompile Include="Source\ProceduralUtils\ProceduralGenerator.cpp">
      <Filter>Archivos de origen\ProceduralUtils</Filter>
    </ClCompile>
    <ClCompile Include="Source\ProceduralUtils\ProceduralVoxel.cpp">
      <Filter>Archivos de origen\ProceduralUtils</Filter>
    </ClCompile>
    <ClCompile Include="Source\GeometryUtils\AABB.cpp">
      <Filter>Archivos de origen\GeometricUtils</Filter>
    </ClCompile>
  </ItemGroup>
  <ItemGroup>
    <ClInclude Include="Source\RendererCore\ShaderProgram.h">
      <Filter>Archivos de encabezado\RendererCore</Filter>
    </ClInclude>
    <ClInclude Include="Source\RendererCore\Camara.h">
      <Filter>Archivos de encabezado\RendererCore</Filter>
    </ClInclude>
    <ClInclude Include="Source\RendererCore\PointCloud.h">
      <Filter>Archivos de encabezado\RendererCore</Filter>
    </ClInclude>
    <ClInclude Include="Source\RendererCore\Renderer.h">
      <Filter>Archivos de encabezado\RendererCore</Filter>
    </ClInclude>
    <ClInclude Include="Source\RendererCore\RenderOptions.h">
      <Filter>Archivos de encabezado\RendererCore</Filter>
    </ClInclude>
    <ClInclude Include="Source\RendererCore\Shader.h">
      <Filter>Archivos de encabezado\RendererCore</Filter>
    </ClInclude>
    <ClInclude Include="Source\RendererCore\ShaderManager.h">
      <Filter>Archivos de encabezado\RendererCore</Filter>
    </ClInclude>
    <ClInclude Include="Source\PrecompiledHeaders\stdafx.h">
      <Filter>Archivos de encabezado\PrecompiledHeaders</Filter>
    </ClInclude>
    <ClInclude Include="Source\Utilities\Singleton.h">
      <Filter>Archivos de encabezado\Utilities</Filter>
    </ClInclude>
    <ClInclude Include="Source\Utilities\Image.h">
      <Filter>Archivos de encabezado\Utilities</Filter>
    </ClInclude>
    <ClInclude Include="Source\Utilities\PlyLoader.h">
      <Filter>Archivos de encabezado\Utilities</Filter>
    </ClInclude>
    <ClInclude Include="Source\Utilities\Point.h">
      <Filter>Archivos de encabezado\Utilities</Filter>
    </ClInclude>
    <ClInclude Include="Source\Utilities\FileManagement.h">
      <Filter>Archivos de encabezado\Utilities</Filter>
    </ClInclude>
    <ClInclude Include="Libraries\lodepng\lodepng.h">
      <Filter>Archivos de encabezado\ImportedLibraries</Filter>
    </ClInclude>
    <ClInclude Include="Libraries\tinyply\tinyply.h">
      <Filter>Archivos de encabezado\ImportedLibraries</Filter>
    </ClInclude>
    <ClInclude Include="Source\Interface\GUI.h">
      <Filter>Archivos de encabezado\Interface</Filter>
    </ClInclude>
    <ClInclude Include="Libraries\imgui\imgui.h">
      <Filter>Archivos de encabezado\ImportedLibraries\Imgui</Filter>
    </ClInclude>
    <ClInclude Include="Libraries\imgui\imconfig.h">
      <Filter>Archivos de encabezado\ImportedLibraries\Imgui</Filter>
    </ClInclude>
    <ClInclude Include="Libraries\imgui\imgui_internal.h">
      <Filter>Archivos de encabezado\ImportedLibraries\Imgui</Filter>
    </ClInclude>
    <ClInclude Include="Libraries\imgui\imstb_truetype.h">
      <Filter>Archivos de encabezado\ImportedLibraries\Imgui</Filter>
    </ClInclude>
    <ClInclude Include="Libraries\imgui\backends\imgui_impl_opengl3.h">
      <Filter>Archivos de encabezado\ImportedLibraries\Imgui</Filter>
    </ClInclude>
    <ClInclude Include="Libraries\imgui\backends\imgui_impl_glfw.h">
      <Filter>Archivos de encabezado\ImportedLibraries\Imgui</Filter>
    </ClInclude>
    <ClInclude Include="Libraries\imfiledialog\ImGuiFileDialog.h">
      <Filter>Archivos de encabezado\ImportedLibraries\ImGuiFileDialog</Filter>
    </ClInclude>
    <ClInclude Include="Libraries\imfiledialog\ImGuiFileDialogConfig.h">
      <Filter>Archivos de encabezado\ImportedLibraries\ImGuiFileDialog</Filter>
    </ClInclude>
    <ClInclude Include="Source\Interface\Fonts\IconsFontAwesome5.h">
      <Filter>Archivos de encabezado\Interface\Fonts</Filter>
    </ClInclude>
    <ClInclude Include="Source\Interface\Fonts\lato.hpp">
      <Filter>Archivos de encabezado\Interface\Fonts</Filter>
    </ClInclude>
    <ClInclude Include="Source\ProceduralUtils\ProceduralGenerator.h">
      <Filter>Archivos de encabezado\ProceduralUtils</Filter>
    </ClInclude>
    <ClInclude Include="Source\ProceduralUtils\ProceduralVoxel.h">
      <Filter>Archivos de encabezado\ProceduralUtils</Filter>
    </ClInclude>
    <ClInclude Include="Source\GeometryUtils\AABB.h">
      <Filter>Archivos de encabezado\GeometricUtils</Filter>
    </ClInclude>
  </ItemGroup>
  <ItemGroup>
    <None Include="Source\Shaders\FragmentShader.glsl">
      <Filter>Archivos de recursos\Shaders</Filter>
    </None>
    <None Include="Source\Shaders\VertexShader.glsl">
      <Filter>Archivos de recursos\Shaders</Filter>
    </None>
  </ItemGroup>
</Project>